
Microsoft Visual Studio Solution File, Format Version 12.00
# Visual Studio Version 17
VisualStudioVersion = 17.7.34024.191
MinimumVisualStudioVersion = 10.0.40219.1
Project("{54A90642-561A-4BB1-A94E-469ADEE60C69}") = "angularapp", "angularapp\angularapp.esproj", "{4819D1B4-BD39-4BC7-AB60-3163BCEA2F8A}"
EndProject
Project("{9A19103F-16F7-4668-BE54-9A1E7A4F7556}") = "webapi", "webapi\webapi.csproj", "{B04F5043-99E1-45CA-949D-EE73409163A9}"
EndProject
Global
	GlobalSection(SolutionConfigurationPlatforms) = preSolution
		Debug|Any CPU = Debug|Any CPU
		Release|Any CPU = Release|Any CPU
	EndGlobalSection
	GlobalSection(ProjectConfigurationPlatforms) = postSolution
		{4819D1B4-BD39-4BC7-AB60-3163BCEA2F8A}.Debug|Any CPU.ActiveCfg = Debug|Any CPU
		{4819D1B4-BD39-4BC7-AB60-3163BCEA2F8A}.Debug|Any CPU.Build.0 = Debug|Any CPU
		{4819D1B4-BD39-4BC7-AB60-3163BCEA2F8A}.Debug|Any CPU.Deploy.0 = Debug|Any CPU
		{4819D1B4-BD39-4BC7-AB60-3163BCEA2F8A}.Release|Any CPU.ActiveCfg = Release|Any CPU
		{4819D1B4-BD39-4BC7-AB60-3163BCEA2F8A}.Release|Any CPU.Build.0 = Release|Any CPU
		{4819D1B4-BD39-4BC7-AB60-3163BCEA2F8A}.Release|Any CPU.Deploy.0 = Release|Any CPU
		{B04F5043-99E1-45CA-949D-EE73409163A9}.Debug|Any CPU.ActiveCfg = Debug|Any CPU
		{B04F5043-99E1-45CA-949D-EE73409163A9}.Debug|Any CPU.Build.0 = Debug|Any CPU
		{B04F5043-99E1-45CA-949D-EE73409163A9}.Release|Any CPU.ActiveCfg = Release|Any CPU
		{B04F5043-99E1-45CA-949D-EE73409163A9}.Release|Any CPU.Build.0 = Release|Any CPU
	EndGlobalSection
	GlobalSection(SolutionProperties) = preSolution
		HideSolutionNode = FALSE
	EndGlobalSection
	GlobalSection(ExtensibilityGlobals) = postSolution
		SolutionGuid = {ACA69F03-1668-47F7-A402-0F05AC32C2F1}
	EndGlobalSection
EndGlobal
